
Microsoft Visual Studio Solution File, Format Version 12.00
# Visual Studio Version 17
VisualStudioVersion = 17.0.31612.314
MinimumVisualStudioVersion = 10.0.40219.1
Project("{9A19103F-16F7-4668-BE54-9A1E7A4F7556}") = "LinkShortener.API", "LinkShortener\LinkShortener.API.csproj", "{ACE77BFC-A665-4A46-9037-B77D11A760C5}"
EndProject
Project("{9A19103F-16F7-4668-BE54-9A1E7A4F7556}") = "LinkShortener.DAL", "LinkShortener.DAL\LinkShortener.DAL.csproj", "{4A52C9A0-45C0-4921-A7B8-37DF1487F093}"
EndProject
Project("{9A19103F-16F7-4668-BE54-9A1E7A4F7556}") = "LinkShortener.BLL", "LinkShortener.BLL\LinkShortener.BLL.csproj", "{4569EC21-7032-44F4-88AD-CB60D5EE69E9}"
EndProject
Project("{9A19103F-16F7-4668-BE54-9A1E7A4F7556}") = "LinkShortener.Test", "LinkShortener.Test\LinkShortener.Test.csproj", "{6E5AA00C-DC5A-4F91-A954-86D7904CD359}"
EndProject
Global
	GlobalSection(SolutionConfigurationPlatforms) = preSolution
		Debug|Any CPU = Debug|Any CPU
		Release|Any CPU = Release|Any CPU
	EndGlobalSection
	GlobalSection(ProjectConfigurationPlatforms) = postSolution
		{ACE77BFC-A665-4A46-9037-B77D11A760C5}.Debug|Any CPU.ActiveCfg = Debug|Any CPU
		{ACE77BFC-A665-4A46-9037-B77D11A760C5}.Debug|Any CPU.Build.0 = Debug|Any CPU
		{ACE77BFC-A665-4A46-9037-B77D11A760C5}.Release|Any CPU.ActiveCfg = Release|Any CPU
		{ACE77BFC-A665-4A46-9037-B77D11A760C5}.Release|Any CPU.Build.0 = Release|Any CPU
		{4A52C9A0-45C0-4921-A7B8-37DF1487F093}.Debug|Any CPU.ActiveCfg = Debug|Any CPU
		{4A52C9A0-45C0-4921-A7B8-37DF1487F093}.Debug|Any CPU.Build.0 = Debug|Any CPU
		{4A52C9A0-45C0-4921-A7B8-37DF1487F093}.Release|Any CPU.ActiveCfg = Release|Any CPU
		{4A52C9A0-45C0-4921-A7B8-37DF1487F093}.Release|Any CPU.Build.0 = Release|Any CPU
		{4569EC21-7032-44F4-88AD-CB60D5EE69E9}.Debug|Any CPU.ActiveCfg = Debug|Any CPU
		{4569EC21-7032-44F4-88AD-CB60D5EE69E9}.Debug|Any CPU.Build.0 = Debug|Any CPU
		{4569EC21-7032-44F4-88AD-CB60D5EE69E9}.Release|Any CPU.ActiveCfg = Release|Any CPU
		{4569EC21-7032-44F4-88AD-CB60D5EE69E9}.Release|Any CPU.Build.0 = Release|Any CPU
		{6E5AA00C-DC5A-4F91-A954-86D7904CD359}.Debug|Any CPU.ActiveCfg = Debug|Any CPU
		{6E5AA00C-DC5A-4F91-A954-86D7904CD359}.Debug|Any CPU.Build.0 = Debug|Any CPU
		{6E5AA00C-DC5A-4F91-A954-86D7904CD359}.Release|Any CPU.ActiveCfg = Release|Any CPU
		{6E5AA00C-DC5A-4F91-A954-86D7904CD359}.Release|Any CPU.Build.0 = Release|Any CPU
	EndGlobalSection
	GlobalSection(SolutionProperties) = preSolution
		HideSolutionNode = FALSE
	EndGlobalSection
	GlobalSection(ExtensibilityGlobals) = postSolution
		SolutionGuid = {837858AF-9926-43A3-BB28-3A740BCBF379}
	EndGlobalSection
EndGlobal
